
Microsoft Visual Studio Solution File, Format Version 12.00
# Visual Studio Version 17
VisualStudioVersion = 17.3.32819.101
MinimumVisualStudioVersion = 10.0.40219.1
Project("{2150E333-8FDC-42A3-9474-1A3956D46DE8}") = "src", "src", "{433D9870-967C-45BE-8AE2-58A688138D42}"
EndProject
Project("{2150E333-8FDC-42A3-9474-1A3956D46DE8}") = "tests", "tests", "{4CC24315-A5F7-495A-AC7F-F13162F73E66}"
EndProject
Project("{9A19103F-16F7-4668-BE54-9A1E7A4F7556}") = "Customers.Api", "src\Customers.Api\Customers.Api.csproj", "{FF990B9F-890C-484B-B514-7BFD731F8D92}"
EndProject
Project("{9A19103F-16F7-4668-BE54-9A1E7A4F7556}") = "Customers.Api.Tests.Integration", "tests\Customers.Api.Tests.Integration\Customers.Api.Tests.Integration.csproj", "{1F402F8C-33A7-4D72-B856-E6A13B1DA62C}"
EndProject
Project("{9A19103F-16F7-4668-BE54-9A1E7A4F7556}") = "FakeApi", "src\FakeApi\FakeApi.csproj", "{78278AD7-45F6-41DA-BFBD-A0CBF58DFCBC}"
EndProject
Project("{9A19103F-16F7-4668-BE54-9A1E7A4F7556}") = "Customers.WebApp", "src\Customers.WebApp\Customers.WebApp.csproj", "{AA49532E-6666-4E1C-9B8D-08CAA4468493}"
EndProject
Project("{FAE04EC0-301F-11D3-BF4B-00C04F79EFBC}") = "Customers.WebApp.Tests.Integration", "tests\Customers.WebApp.Tests.Integration\Customers.WebApp.Tests.Integration.csproj", "{1EB2C253-D434-431E-8B11-B5BFD89BD176}"
EndProject
Global
	GlobalSection(SolutionConfigurationPlatforms) = preSolution
		Debug|Any CPU = Debug|Any CPU
		Release|Any CPU = Release|Any CPU
	EndGlobalSection
	GlobalSection(ProjectConfigurationPlatforms) = postSolution
		{FF990B9F-890C-484B-B514-7BFD731F8D92}.Debug|Any CPU.ActiveCfg = Debug|Any CPU
		{FF990B9F-890C-484B-B514-7BFD731F8D92}.Debug|Any CPU.Build.0 = Debug|Any CPU
		{FF990B9F-890C-484B-B514-7BFD731F8D92}.Release|Any CPU.ActiveCfg = Release|Any CPU
		{FF990B9F-890C-484B-B514-7BFD731F8D92}.Release|Any CPU.Build.0 = Release|Any CPU
		{1F402F8C-33A7-4D72-B856-E6A13B1DA62C}.Debug|Any CPU.ActiveCfg = Debug|Any CPU
		{1F402F8C-33A7-4D72-B856-E6A13B1DA62C}.Debug|Any CPU.Build.0 = Debug|Any CPU
		{1F402F8C-33A7-4D72-B856-E6A13B1DA62C}.Release|Any CPU.ActiveCfg = Release|Any CPU
		{1F402F8C-33A7-4D72-B856-E6A13B1DA62C}.Release|Any CPU.Build.0 = Release|Any CPU
		{78278AD7-45F6-41DA-BFBD-A0CBF58DFCBC}.Debug|Any CPU.ActiveCfg = Debug|Any CPU
		{78278AD7-45F6-41DA-BFBD-A0CBF58DFCBC}.Debug|Any CPU.Build.0 = Debug|Any CPU
		{78278AD7-45F6-41DA-BFBD-A0CBF58DFCBC}.Release|Any CPU.ActiveCfg = Release|Any CPU
		{78278AD7-45F6-41DA-BFBD-A0CBF58DFCBC}.Release|Any CPU.Build.0 = Release|Any CPU
		{AA49532E-6666-4E1C-9B8D-08CAA4468493}.Debug|Any CPU.ActiveCfg = Debug|Any CPU
		{AA49532E-6666-4E1C-9B8D-08CAA4468493}.Debug|Any CPU.Build.0 = Debug|Any CPU
		{AA49532E-6666-4E1C-9B8D-08CAA4468493}.Release|Any CPU.ActiveCfg = Release|Any CPU
		{AA49532E-6666-4E1C-9B8D-08CAA4468493}.Release|Any CPU.Build.0 = Release|Any CPU
		{1EB2C253-D434-431E-8B11-B5BFD89BD176}.Debug|Any CPU.ActiveCfg = Debug|Any CPU
		{1EB2C253-D434-431E-8B11-B5BFD89BD176}.Debug|Any CPU.Build.0 = Debug|Any CPU
		{1EB2C253-D434-431E-8B11-B5BFD89BD176}.Release|Any CPU.ActiveCfg = Release|Any CPU
		{1EB2C253-D434-431E-8B11-B5BFD89BD176}.Release|Any CPU.Build.0 = Release|Any CPU
	EndGlobalSection
	GlobalSection(SolutionProperties) = preSolution
		HideSolutionNode = FALSE
	EndGlobalSection
	GlobalSection(NestedProjects) = preSolution
		{FF990B9F-890C-484B-B514-7BFD731F8D92} = {433D9870-967C-45BE-8AE2-58A688138D42}
		{1F402F8C-33A7-4D72-B856-E6A13B1DA62C} = {4CC24315-A5F7-495A-AC7F-F13162F73E66}
		{78278AD7-45F6-41DA-BFBD-A0CBF58DFCBC} = {433D9870-967C-45BE-8AE2-58A688138D42}
		{AA49532E-6666-4E1C-9B8D-08CAA4468493} = {433D9870-967C-45BE-8AE2-58A688138D42}
		{1EB2C253-D434-431E-8B11-B5BFD89BD176} = {4CC24315-A5F7-495A-AC7F-F13162F73E66}
	EndGlobalSection
	GlobalSection(ExtensibilityGlobals) = postSolution
		SolutionGuid = {531CD8F6-3D25-4BCC-925C-F372192D89B9}
	EndGlobalSection
EndGlobal
